
Microsoft Visual Studio Solution File, Format Version 12.00
# Visual Studio 15
VisualStudioVersion = 15.0.27428.2015
MinimumVisualStudioVersion = 10.0.40219.1
Project("{8BC9CEB8-8B4A-11D0-8D11-00A0C91BC942}") = "task2", "task2\task2.vcxproj", "{FA042E84-676B-46C1-8400-5E365FA782F2}"
EndProject
Global
	GlobalSection(SolutionConfigurationPlatforms) = preSolution
		Debug|x64 = Debug|x64
		Debug|x86 = Debug|x86
		Release|x64 = Release|x64
		Release|x86 = Release|x86
	EndGlobalSection
	GlobalSection(ProjectConfigurationPlatforms) = postSolution
		{FA042E84-676B-46C1-8400-5E365FA782F2}.Debug|x64.ActiveCfg = Debug|x64
		{FA042E84-676B-46C1-8400-5E365FA782F2}.Debug|x64.Build.0 = Debug|x64
		{FA042E84-676B-46C1-8400-5E365FA782F2}.Debug|x86.ActiveCfg = Debug|Win32
		{FA042E84-676B-46C1-8400-5E365FA782F2}.Debug|x86.Build.0 = Debug|Win32
		{FA042E84-676B-46C1-8400-5E365FA782F2}.Release|x64.ActiveCfg = Release|x64
		{FA042E84-676B-46C1-8400-5E365FA782F2}.Release|x64.Build.0 = Release|x64
		{FA042E84-676B-46C1-8400-5E365FA782F2}.Release|x86.ActiveCfg = Release|Win32
		{FA042E84-676B-46C1-8400-5E365FA782F2}.Release|x86.Build.0 = Release|Win32
	EndGlobalSection
	GlobalSection(SolutionProperties) = preSolution
		HideSolutionNode = FALSE
	EndGlobalSection
	GlobalSection(ExtensibilityGlobals) = postSolution
		SolutionGuid = {22F09787-95D5-4EA8-8319-91F51251C0B5}
	EndGlobalSection
EndGlobal
